
Microsoft Visual Studio Solution File, Format Version 12.00
# Visual Studio Version 16
VisualStudioVersion = 16.0.31005.135
MinimumVisualStudioVersion = 10.0.40219.1
Project("{FAE04EC0-301F-11D3-BF4B-00C04F79EFBC}") = "CepAPI", "CepAPI.csproj", "{A470DC9A-85C9-49D2-A229-61A5F58D7CDE}"
EndProject
Global
	GlobalSection(SolutionConfigurationPlatforms) = preSolution
		Debug|Any CPU = Debug|Any CPU
		Release|Any CPU = Release|Any CPU
	EndGlobalSection
	GlobalSection(ProjectConfigurationPlatforms) = postSolution
		{A470DC9A-85C9-49D2-A229-61A5F58D7CDE}.Debug|Any CPU.ActiveCfg = Debug|Any CPU
		{A470DC9A-85C9-49D2-A229-61A5F58D7CDE}.Debug|Any CPU.Build.0 = Debug|Any CPU
		{A470DC9A-85C9-49D2-A229-61A5F58D7CDE}.Release|Any CPU.ActiveCfg = Release|Any CPU
		{A470DC9A-85C9-49D2-A229-61A5F58D7CDE}.Release|Any CPU.Build.0 = Release|Any CPU
	EndGlobalSection
	GlobalSection(SolutionProperties) = preSolution
		HideSolutionNode = FALSE
	EndGlobalSection
	GlobalSection(ExtensibilityGlobals) = postSolution
		SolutionGuid = {F4AD479E-8E52-4208-A0A9-40970F4CF19A}
	EndGlobalSection
EndGlobal
